
Microsoft Visual Studio Solution File, Format Version 12.00
Project("{FAE04EC0-301F-11D3-BF4B-00C04F79EFBC}") = "P1People", "P1People\P1People.csproj", "{F0CEA660-0A3F-44C3-AB49-866172CE90C8}"
EndProject
Project("{FAE04EC0-301F-11D3-BF4B-00C04F79EFBC}") = "P1_1Classes", "P1_1Classes\P1_1Classes.csproj", "{B6F5DFA2-BBDD-402E-8642-A6689BEDA0EB}"
EndProject
Project("{FAE04EC0-301F-11D3-BF4B-00C04F79EFBC}") = "P2Fields", "P2Fields\P2Fields.csproj", "{DB8052E9-259D-43FD-AB13-2BC364196922}"
EndProject
Project("{FAE04EC0-301F-11D3-BF4B-00C04F79EFBC}") = "P3LevelUp", "P3LevelUp\P3LevelUp.csproj", "{C0CCD6D6-965E-4683-89E5-F4B248723C09}"
EndProject
Project("{FAE04EC0-301F-11D3-BF4B-00C04F79EFBC}") = "P4Attack", "P4Attack\P4Attack.csproj", "{05536B4F-E009-4D3D-AD7E-2DAB79D42DB5}"
EndProject
Project("{FAE04EC0-301F-11D3-BF4B-00C04F79EFBC}") = "RPG", "RPG\RPG.csproj", "{6CE73456-BBB6-4BDB-A978-41A8F2257B73}"
EndProject
Project("{FAE04EC0-301F-11D3-BF4B-00C04F79EFBC}") = "P5Classified", "P5Classified\P5Classified.csproj", "{EF02DE77-B617-4683-A9BA-C40C01EB08FE}"
EndProject
Global
	GlobalSection(SolutionConfigurationPlatforms) = preSolution
		Debug|Any CPU = Debug|Any CPU
		Release|Any CPU = Release|Any CPU
	EndGlobalSection
	GlobalSection(ProjectConfigurationPlatforms) = postSolution
		{F0CEA660-0A3F-44C3-AB49-866172CE90C8}.Debug|Any CPU.ActiveCfg = Debug|Any CPU
		{F0CEA660-0A3F-44C3-AB49-866172CE90C8}.Debug|Any CPU.Build.0 = Debug|Any CPU
		{F0CEA660-0A3F-44C3-AB49-866172CE90C8}.Release|Any CPU.ActiveCfg = Release|Any CPU
		{F0CEA660-0A3F-44C3-AB49-866172CE90C8}.Release|Any CPU.Build.0 = Release|Any CPU
		{B6F5DFA2-BBDD-402E-8642-A6689BEDA0EB}.Debug|Any CPU.ActiveCfg = Debug|Any CPU
		{B6F5DFA2-BBDD-402E-8642-A6689BEDA0EB}.Debug|Any CPU.Build.0 = Debug|Any CPU
		{B6F5DFA2-BBDD-402E-8642-A6689BEDA0EB}.Release|Any CPU.ActiveCfg = Release|Any CPU
		{B6F5DFA2-BBDD-402E-8642-A6689BEDA0EB}.Release|Any CPU.Build.0 = Release|Any CPU
		{DB8052E9-259D-43FD-AB13-2BC364196922}.Debug|Any CPU.ActiveCfg = Debug|Any CPU
		{DB8052E9-259D-43FD-AB13-2BC364196922}.Debug|Any CPU.Build.0 = Debug|Any CPU
		{DB8052E9-259D-43FD-AB13-2BC364196922}.Release|Any CPU.ActiveCfg = Release|Any CPU
		{DB8052E9-259D-43FD-AB13-2BC364196922}.Release|Any CPU.Build.0 = Release|Any CPU
		{C0CCD6D6-965E-4683-89E5-F4B248723C09}.Debug|Any CPU.ActiveCfg = Debug|Any CPU
		{C0CCD6D6-965E-4683-89E5-F4B248723C09}.Debug|Any CPU.Build.0 = Debug|Any CPU
		{C0CCD6D6-965E-4683-89E5-F4B248723C09}.Release|Any CPU.ActiveCfg = Release|Any CPU
		{C0CCD6D6-965E-4683-89E5-F4B248723C09}.Release|Any CPU.Build.0 = Release|Any CPU
		{05536B4F-E009-4D3D-AD7E-2DAB79D42DB5}.Debug|Any CPU.ActiveCfg = Debug|Any CPU
		{05536B4F-E009-4D3D-AD7E-2DAB79D42DB5}.Debug|Any CPU.Build.0 = Debug|Any CPU
		{05536B4F-E009-4D3D-AD7E-2DAB79D42DB5}.Release|Any CPU.ActiveCfg = Release|Any CPU
		{05536B4F-E009-4D3D-AD7E-2DAB79D42DB5}.Release|Any CPU.Build.0 = Release|Any CPU
		{6CE73456-BBB6-4BDB-A978-41A8F2257B73}.Debug|Any CPU.ActiveCfg = Debug|Any CPU
		{6CE73456-BBB6-4BDB-A978-41A8F2257B73}.Debug|Any CPU.Build.0 = Debug|Any CPU
		{6CE73456-BBB6-4BDB-A978-41A8F2257B73}.Release|Any CPU.ActiveCfg = Release|Any CPU
		{6CE73456-BBB6-4BDB-A978-41A8F2257B73}.Release|Any CPU.Build.0 = Release|Any CPU
		{EF02DE77-B617-4683-A9BA-C40C01EB08FE}.Debug|Any CPU.ActiveCfg = Debug|Any CPU
		{EF02DE77-B617-4683-A9BA-C40C01EB08FE}.Debug|Any CPU.Build.0 = Debug|Any CPU
		{EF02DE77-B617-4683-A9BA-C40C01EB08FE}.Release|Any CPU.ActiveCfg = Release|Any CPU
		{EF02DE77-B617-4683-A9BA-C40C01EB08FE}.Release|Any CPU.Build.0 = Release|Any CPU
	EndGlobalSection
EndGlobal
